
Microsoft Visual Studio Solution File, Format Version 12.00
# Visual Studio Version 16
VisualStudioVersion = 16.0.29215.179
MinimumVisualStudioVersion = 10.0.40219.1
Project("{9A19103F-16F7-4668-BE54-9A1E7A4F7556}") = "TonoExcel", "TonoExcel\TonoExcel.csproj", "{BDBDA787-62A8-41CD-A172-739875354A69}"
EndProject
Project("{9A19103F-16F7-4668-BE54-9A1E7A4F7556}") = "TonoLogic", "TonoLogic\TonoLogic.csproj", "{D38527F7-8FD8-4874-B9ED-C083FE7307FB}"
EndProject
Project("{9A19103F-16F7-4668-BE54-9A1E7A4F7556}") = "TonoJit", "TonoJit\TonoJit.csproj", "{1AFDCB9C-D920-465A-BA4F-8C6DDE6AB0A6}"
EndProject
Project("{9A19103F-16F7-4668-BE54-9A1E7A4F7556}") = "TonoGui", "TonoGui\TonoGui.csproj", "{117A48CD-1821-48CD-9011-2812C7694300}"
EndProject
Project("{FAE04EC0-301F-11D3-BF4B-00C04F79EFBC}") = "TonoGuiUwp", "TonoGuiUwp\TonoGuiUwp.csproj", "{76364510-F444-4234-A59C-3B0ECF992837}"
EndProject
Project("{9A19103F-16F7-4668-BE54-9A1E7A4F7556}") = "Tono", "Tono\Tono.csproj", "{C16D955C-482D-4042-B9B2-6C57F84A22F6}"
EndProject
Project("{FAE04EC0-301F-11D3-BF4B-00C04F79EFBC}") = "TonoGuiWinForm", "TonoGuiWinForm\TonoGuiWinForm.csproj", "{BD216EDB-CA1B-4100-A2C0-DF74682C8C3F}"
EndProject
Project("{9A19103F-16F7-4668-BE54-9A1E7A4F7556}") = "UnitTestCore", "UnitTestCore\UnitTestCore.csproj", "{52E3D844-D375-4259-85B6-8414B9E72799}"
EndProject
Project("{9A19103F-16F7-4668-BE54-9A1E7A4F7556}") = "UnitTestJit", "UnitTestJit\UnitTestJit.csproj", "{87F7BE5E-12CA-4AD9-A915-2A2AA9985566}"
EndProject
Project("{FAE04EC0-301F-11D3-BF4B-00C04F79EFBC}") = "UnitTestGuiUwp2", "UnitTestGuiUwp2\UnitTestGuiUwp2.csproj", "{8D28623A-4089-46EB-9E31-E64D796FD40B}"
EndProject
Global
	GlobalSection(SolutionConfigurationPlatforms) = preSolution
		Debug|Any CPU = Debug|Any CPU
		Debug|ARM = Debug|ARM
		Debug|ARM64 = Debug|ARM64
		Debug|iPhone = Debug|iPhone
		Debug|iPhoneSimulator = Debug|iPhoneSimulator
		Debug|x64 = Debug|x64
		Debug|x86 = Debug|x86
		Release|Any CPU = Release|Any CPU
		Release|ARM = Release|ARM
		Release|ARM64 = Release|ARM64
		Release|iPhone = Release|iPhone
		Release|iPhoneSimulator = Release|iPhoneSimulator
		Release|x64 = Release|x64
		Release|x86 = Release|x86
	EndGlobalSection
	GlobalSection(ProjectConfigurationPlatforms) = postSolution
		{BDBDA787-62A8-41CD-A172-739875354A69}.Debug|Any CPU.ActiveCfg = Debug|Any CPU
		{BDBDA787-62A8-41CD-A172-739875354A69}.Debug|Any CPU.Build.0 = Debug|Any CPU
		{BDBDA787-62A8-41CD-A172-739875354A69}.Debug|ARM.ActiveCfg = Debug|Any CPU
		{BDBDA787-62A8-41CD-A172-739875354A69}.Debug|ARM.Build.0 = Debug|Any CPU
		{BDBDA787-62A8-41CD-A172-739875354A69}.Debug|ARM64.ActiveCfg = Debug|Any CPU
		{BDBDA787-62A8-41CD-A172-739875354A69}.Debug|ARM64.Build.0 = Debug|Any CPU
		{BDBDA787-62A8-41CD-A172-739875354A69}.Debug|iPhone.ActiveCfg = Debug|Any CPU
		{BDBDA787-62A8-41CD-A172-739875354A69}.Debug|iPhone.Build.0 = Debug|Any CPU
		{BDBDA787-62A8-41CD-A172-739875354A69}.Debug|iPhoneSimulator.ActiveCfg = Debug|Any CPU
		{BDBDA787-62A8-41CD-A172-739875354A69}.Debug|iPhoneSimulator.Build.0 = Debug|Any CPU
		{BDBDA787-62A8-41CD-A172-739875354A69}.Debug|x64.ActiveCfg = Debug|Any CPU
		{BDBDA787-62A8-41CD-A172-739875354A69}.Debug|x64.Build.0 = Debug|Any CPU
		{BDBDA787-62A8-41CD-A172-739875354A69}.Debug|x86.ActiveCfg = Debug|Any CPU
		{BDBDA787-62A8-41CD-A172-739875354A69}.Debug|x86.Build.0 = Debug|Any CPU
		{BDBDA787-62A8-41CD-A172-739875354A69}.Release|Any CPU.ActiveCfg = Release|Any CPU
		{BDBDA787-62A8-41CD-A172-739875354A69}.Release|Any CPU.Build.0 = Release|Any CPU
		{BDBDA787-62A8-41CD-A172-739875354A69}.Release|ARM.ActiveCfg = Release|Any CPU
		{BDBDA787-62A8-41CD-A172-739875354A69}.Release|ARM.Build.0 = Release|Any CPU
		{BDBDA787-62A8-41CD-A172-739875354A69}.Release|ARM64.ActiveCfg = Release|Any CPU
		{BDBDA787-62A8-41CD-A172-739875354A69}.Release|ARM64.Build.0 = Release|Any CPU
		{BDBDA787-62A8-41CD-A172-739875354A69}.Release|iPhone.ActiveCfg = Release|Any CPU
		{BDBDA787-62A8-41CD-A172-739875354A69}.Release|iPhone.Build.0 = Release|Any CPU
		{BDBDA787-62A8-41CD-A172-739875354A69}.Release|iPhoneSimulator.ActiveCfg = Release|Any CPU
		{BDBDA787-62A8-41CD-A172-739875354A69}.Release|iPhoneSimulator.Build.0 = Release|Any CPU
		{BDBDA787-62A8-41CD-A172-739875354A69}.Release|x64.ActiveCfg = Release|Any CPU
		{BDBDA787-62A8-41CD-A172-739875354A69}.Release|x64.Build.0 = Release|Any CPU
		{BDBDA787-62A8-41CD-A172-739875354A69}.Release|x86.ActiveCfg = Release|Any CPU
		{BDBDA787-62A8-41CD-A172-739875354A69}.Release|x86.Build.0 = Release|Any CPU
		{D38527F7-8FD8-4874-B9ED-C083FE7307FB}.Debug|Any CPU.ActiveCfg = Debug|Any CPU
		{D38527F7-8FD8-4874-B9ED-C083FE7307FB}.Debug|Any CPU.Build.0 = Debug|Any CPU
		{D38527F7-8FD8-4874-B9ED-C083FE7307FB}.Debug|ARM.ActiveCfg = Debug|Any CPU
		{D38527F7-8FD8-4874-B9ED-C083FE7307FB}.Debug|ARM.Build.0 = Debug|Any CPU
		{D38527F7-8FD8-4874-B9ED-C083FE7307FB}.Debug|ARM64.ActiveCfg = Debug|Any CPU
		{D38527F7-8FD8-4874-B9ED-C083FE7307FB}.Debug|ARM64.Build.0 = Debug|Any CPU
		{D38527F7-8FD8-4874-B9ED-C083FE7307FB}.Debug|iPhone.ActiveCfg = Debug|Any CPU
		{D38527F7-8FD8-4874-B9ED-C083FE7307FB}.Debug|iPhone.Build.0 = Debug|Any CPU
		{D38527F7-8FD8-4874-B9ED-C083FE7307FB}.Debug|iPhoneSimulator.ActiveCfg = Debug|Any CPU
		{D38527F7-8FD8-4874-B9ED-C083FE7307FB}.Debug|iPhoneSimulator.Build.0 = Debug|Any CPU
		{D38527F7-8FD8-4874-B9ED-C083FE7307FB}.Debug|x64.ActiveCfg = Debug|Any CPU
		{D38527F7-8FD8-4874-B9ED-C083FE7307FB}.Debug|x64.Build.0 = Debug|Any CPU
		{D38527F7-8FD8-4874-B9ED-C083FE7307FB}.Debug|x86.ActiveCfg = Debug|Any CPU
		{D38527F7-8FD8-4874-B9ED-C083FE7307FB}.Debug|x86.Build.0 = Debug|Any CPU
		{D38527F7-8FD8-4874-B9ED-C083FE7307FB}.Release|Any CPU.ActiveCfg = Release|Any CPU
		{D38527F7-8FD8-4874-B9ED-C083FE7307FB}.Release|Any CPU.Build.0 = Release|Any CPU
		{D38527F7-8FD8-4874-B9ED-C083FE7307FB}.Release|ARM.ActiveCfg = Release|Any CPU
		{D38527F7-8FD8-4874-B9ED-C083FE7307FB}.Release|ARM.Build.0 = Release|Any CPU
		{D38527F7-8FD8-4874-B9ED-C083FE7307FB}.Release|ARM64.ActiveCfg = Release|Any CPU
		{D38527F7-8FD8-4874-B9ED-C083FE7307FB}.Release|ARM64.Build.0 = Release|Any CPU
		{D38527F7-8FD8-4874-B9ED-C083FE7307FB}.Release|iPhone.ActiveCfg = Release|Any CPU
		{D38527F7-8FD8-4874-B9ED-C083FE7307FB}.Release|iPhone.Build.0 = Release|Any CPU
		{D38527F7-8FD8-4874-B9ED-C083FE7307FB}.Release|iPhoneSimulator.ActiveCfg = Release|Any CPU
		{D38527F7-8FD8-4874-B9ED-C083FE7307FB}.Release|iPhoneSimulator.Build.0 = Release|Any CPU
		{D38527F7-8FD8-4874-B9ED-C083FE7307FB}.Release|x64.ActiveCfg = Release|Any CPU
		{D38527F7-8FD8-4874-B9ED-C083FE7307FB}.Release|x64.Build.0 = Release|Any CPU
		{D38527F7-8FD8-4874-B9ED-C083FE7307FB}.Release|x86.ActiveCfg = Release|Any CPU
		{D38527F7-8FD8-4874-B9ED-C083FE7307FB}.Release|x86.Build.0 = Release|Any CPU
		{1AFDCB9C-D920-465A-BA4F-8C6DDE6AB0A6}.Debug|Any CPU.ActiveCfg = Debug|Any CPU
		{1AFDCB9C-D920-465A-BA4F-8C6DDE6AB0A6}.Debug|Any CPU.Build.0 = Debug|Any CPU
		{1AFDCB9C-D920-465A-BA4F-8C6DDE6AB0A6}.Debug|ARM.ActiveCfg = Debug|Any CPU
		{1AFDCB9C-D920-465A-BA4F-8C6DDE6AB0A6}.Debug|ARM.Build.0 = Debug|Any CPU
		{1AFDCB9C-D920-465A-BA4F-8C6DDE6AB0A6}.Debug|ARM64.ActiveCfg = Debug|Any CPU
		{1AFDCB9C-D920-465A-BA4F-8C6DDE6AB0A6}.Debug|ARM64.Build.0 = Debug|Any CPU
		{1AFDCB9C-D920-465A-BA4F-8C6DDE6AB0A6}.Debug|iPhone.ActiveCfg = Debug|Any CPU
		{1AFDCB9C-D920-465A-BA4F-8C6DDE6AB0A6}.Debug|iPhone.Build.0 = Debug|Any CPU
		{1AFDCB9C-D920-465A-BA4F-8C6DDE6AB0A6}.Debug|iPhoneSimulator.ActiveCfg = Debug|Any CPU
		{1AFDCB9C-D920-465A-BA4F-8C6DDE6AB0A6}.Debug|iPhoneSimulator.Build.0 = Debug|Any CPU
		{1AFDCB9C-D920-465A-BA4F-8C6DDE6AB0A6}.Debug|x64.ActiveCfg = Debug|Any CPU
		{1AFDCB9C-D920-465A-BA4F-8C6DDE6AB0A6}.Debug|x64.Build.0 = Debug|Any CPU
		{1AFDCB9C-D920-465A-BA4F-8C6DDE6AB0A6}.Debug|x86.ActiveCfg = Debug|Any CPU
		{1AFDCB9C-D920-465A-BA4F-8C6DDE6AB0A6}.Debug|x86.Build.0 = Debug|Any CPU
		{1AFDCB9C-D920-465A-BA4F-8C6DDE6AB0A6}.Release|Any CPU.ActiveCfg = Release|Any CPU
		{1AFDCB9C-D920-465A-BA4F-8C6DDE6AB0A6}.Release|Any CPU.Build.0 = Release|Any CPU
		{1AFDCB9C-D920-465A-BA4F-8C6DDE6AB0A6}.Release|ARM.ActiveCfg = Release|Any CPU
		{1AFDCB9C-D920-465A-BA4F-8C6DDE6AB0A6}.Release|ARM.Build.0 = Release|Any CPU
		{1AFDCB9C-D920-465A-BA4F-8C6DDE6AB0A6}.Release|ARM64.ActiveCfg = Release|Any CPU
		{1AFDCB9C-D920-465A-BA4F-8C6DDE6AB0A6}.Release|ARM64.Build.0 = Release|Any CPU
		{1AFDCB9C-D920-465A-BA4F-8C6DDE6AB0A6}.Release|iPhone.ActiveCfg = Release|Any CPU
		{1AFDCB9C-D920-465A-BA4F-8C6DDE6AB0A6}.Release|iPhone.Build.0 = Release|Any CPU
		{1AFDCB9C-D920-465A-BA4F-8C6DDE6AB0A6}.Release|iPhoneSimulator.ActiveCfg = Release|Any CPU
		{1AFDCB9C-D920-465A-BA4F-8C6DDE6AB0A6}.Release|iPhoneSimulator.Build.0 = Release|Any CPU
		{1AFDCB9C-D920-465A-BA4F-8C6DDE6AB0A6}.Release|x64.ActiveCfg = Release|Any CPU
		{1AFDCB9C-D920-465A-BA4F-8C6DDE6AB0A6}.Release|x64.Build.0 = Release|Any CPU
		{1AFDCB9C-D920-465A-BA4F-8C6DDE6AB0A6}.Release|x86.ActiveCfg = Release|Any CPU
		{1AFDCB9C-D920-465A-BA4F-8C6DDE6AB0A6}.Release|x86.Build.0 = Release|Any CPU
		{117A48CD-1821-48CD-9011-2812C7694300}.Debug|Any CPU.ActiveCfg = Debug|Any CPU
		{117A48CD-1821-48CD-9011-2812C7694300}.Debug|Any CPU.Build.0 = Debug|Any CPU
		{117A48CD-1821-48CD-9011-2812C7694300}.Debug|ARM.ActiveCfg = Debug|Any CPU
		{117A48CD-1821-48CD-9011-2812C7694300}.Debug|ARM.Build.0 = Debug|Any CPU
		{117A48CD-1821-48CD-9011-2812C7694300}.Debug|ARM64.ActiveCfg = Debug|Any CPU
		{117A48CD-1821-48CD-9011-2812C7694300}.Debug|ARM64.Build.0 = Debug|Any CPU
		{117A48CD-1821-48CD-9011-2812C7694300}.Debug|iPhone.ActiveCfg = Debug|Any CPU
		{117A48CD-1821-48CD-9011-2812C7694300}.Debug|iPhone.Build.0 = Debug|Any CPU
		{117A48CD-1821-48CD-9011-2812C7694300}.Debug|iPhoneSimulator.ActiveCfg = Debug|Any CPU
		{117A48CD-1821-48CD-9011-2812C7694300}.Debug|iPhoneSimulator.Build.0 = Debug|Any CPU
		{117A48CD-1821-48CD-9011-2812C7694300}.Debug|x64.ActiveCfg = Debug|Any CPU
		{117A48CD-1821-48CD-9011-2812C7694300}.Debug|x64.Build.0 = Debug|Any CPU
		{117A48CD-1821-48CD-9011-2812C7694300}.Debug|x86.ActiveCfg = Debug|Any CPU
		{117A48CD-1821-48CD-9011-2812C7694300}.Debug|x86.Build.0 = Debug|Any CPU
		{117A48CD-1821-48CD-9011-2812C7694300}.Release|Any CPU.ActiveCfg = Release|Any CPU
		{117A48CD-1821-48CD-9011-2812C7694300}.Release|Any CPU.Build.0 = Release|Any CPU
		{117A48CD-1821-48CD-9011-2812C7694300}.Release|ARM.ActiveCfg = Release|Any CPU
		{117A48CD-1821-48CD-9011-2812C7694300}.Release|ARM.Build.0 = Release|Any CPU
		{117A48CD-1821-48CD-9011-2812C7694300}.Release|ARM64.ActiveCfg = Release|Any CPU
		{117A48CD-1821-48CD-9011-2812C7694300}.Release|ARM64.Build.0 = Release|Any CPU
		{117A48CD-1821-48CD-9011-2812C7694300}.Release|iPhone.ActiveCfg = Release|Any CPU
		{117A48CD-1821-48CD-9011-2812C7694300}.Release|iPhone.Build.0 = Release|Any CPU
		{117A48CD-1821-48CD-9011-2812C7694300}.Release|iPhoneSimulator.ActiveCfg = Release|Any CPU
		{117A48CD-1821-48CD-9011-2812C7694300}.Release|iPhoneSimulator.Build.0 = Release|Any CPU
		{117A48CD-1821-48CD-9011-2812C7694300}.Release|x64.ActiveCfg = Release|Any CPU
		{117A48CD-1821-48CD-9011-2812C7694300}.Release|x64.Build.0 = Release|Any CPU
		{117A48CD-1821-48CD-9011-2812C7694300}.Release|x86.ActiveCfg = Release|Any CPU
		{117A48CD-1821-48CD-9011-2812C7694300}.Release|x86.Build.0 = Release|Any CPU
		{76364510-F444-4234-A59C-3B0ECF992837}.Debug|Any CPU.ActiveCfg = Debug|Any CPU
		{76364510-F444-4234-A59C-3B0ECF992837}.Debug|Any CPU.Build.0 = Debug|Any CPU
		{76364510-F444-4234-A59C-3B0ECF992837}.Debug|ARM.ActiveCfg = Debug|ARM
		{76364510-F444-4234-A59C-3B0ECF992837}.Debug|ARM.Build.0 = Debug|ARM
		{76364510-F444-4234-A59C-3B0ECF992837}.Debug|ARM64.ActiveCfg = Debug|ARM64
		{76364510-F444-4234-A59C-3B0ECF992837}.Debug|ARM64.Build.0 = Debug|ARM64
		{76364510-F444-4234-A59C-3B0ECF992837}.Debug|iPhone.ActiveCfg = Debug|Any CPU
		{76364510-F444-4234-A59C-3B0ECF992837}.Debug|iPhone.Build.0 = Debug|Any CPU
		{76364510-F444-4234-A59C-3B0ECF992837}.Debug|iPhoneSimulator.ActiveCfg = Debug|Any CPU
		{76364510-F444-4234-A59C-3B0ECF992837}.Debug|iPhoneSimulator.Build.0 = Debug|Any CPU
		{76364510-F444-4234-A59C-3B0ECF992837}.Debug|x64.ActiveCfg = Debug|x64
		{76364510-F444-4234-A59C-3B0ECF992837}.Debug|x64.Build.0 = Debug|x64
		{76364510-F444-4234-A59C-3B0ECF992837}.Debug|x86.ActiveCfg = Debug|x86
		{76364510-F444-4234-A59C-3B0ECF992837}.Debug|x86.Build.0 = Debug|x86
		{76364510-F444-4234-A59C-3B0ECF992837}.Release|Any CPU.ActiveCfg = Release|Any CPU
		{76364510-F444-4234-A59C-3B0ECF992837}.Release|Any CPU.Build.0 = Release|Any CPU
		{76364510-F444-4234-A59C-3B0ECF992837}.Release|ARM.ActiveCfg = Release|ARM
		{76364510-F444-4234-A59C-3B0ECF992837}.Release|ARM.Build.0 = Release|ARM
		{76364510-F444-4234-A59C-3B0ECF992837}.Release|ARM64.ActiveCfg = Release|ARM64
		{76364510-F444-4234-A59C-3B0ECF992837}.Release|ARM64.Build.0 = Release|ARM64
		{76364510-F444-4234-A59C-3B0ECF992837}.Release|iPhone.ActiveCfg = Release|Any CPU
		{76364510-F444-4234-A59C-3B0ECF992837}.Release|iPhone.Build.0 = Release|Any CPU
		{76364510-F444-4234-A59C-3B0ECF992837}.Release|iPhoneSimulator.ActiveCfg = Release|Any CPU
		{76364510-F444-4234-A59C-3B0ECF992837}.Release|iPhoneSimulator.Build.0 = Release|Any CPU
		{76364510-F444-4234-A59C-3B0ECF992837}.Release|x64.ActiveCfg = Release|x64
		{76364510-F444-4234-A59C-3B0ECF992837}.Release|x64.Build.0 = Release|x64
		{76364510-F444-4234-A59C-3B0ECF992837}.Release|x86.ActiveCfg = Release|x86
		{76364510-F444-4234-A59C-3B0ECF992837}.Release|x86.Build.0 = Release|x86
		{C16D955C-482D-4042-B9B2-6C57F84A22F6}.Debug|Any CPU.ActiveCfg = Debug|Any CPU
		{C16D955C-482D-4042-B9B2-6C57F84A22F6}.Debug|Any CPU.Build.0 = Debug|Any CPU
		{C16D955C-482D-4042-B9B2-6C57F84A22F6}.Debug|ARM.ActiveCfg = Debug|Any CPU
		{C16D955C-482D-4042-B9B2-6C57F84A22F6}.Debug|ARM.Build.0 = Debug|Any CPU
		{C16D955C-482D-4042-B9B2-6C57F84A22F6}.Debug|ARM64.ActiveCfg = Debug|Any CPU
		{C16D955C-482D-4042-B9B2-6C57F84A22F6}.Debug|ARM64.Build.0 = Debug|Any CPU
		{C16D955C-482D-4042-B9B2-6C57F84A22F6}.Debug|iPhone.ActiveCfg = Debug|Any CPU
		{C16D955C-482D-4042-B9B2-6C57F84A22F6}.Debug|iPhone.Build.0 = Debug|Any CPU
		{C16D955C-482D-4042-B9B2-6C57F84A22F6}.Debug|iPhoneSimulator.ActiveCfg = Debug|Any CPU
		{C16D955C-482D-4042-B9B2-6C57F84A22F6}.Debug|iPhoneSimulator.Build.0 = Debug|Any CPU
		{C16D955C-482D-4042-B9B2-6C57F84A22F6}.Debug|x64.ActiveCfg = Debug|Any CPU
		{C16D955C-482D-4042-B9B2-6C57F84A22F6}.Debug|x64.Build.0 = Debug|Any CPU
		{C16D955C-482D-4042-B9B2-6C57F84A22F6}.Debug|x86.ActiveCfg = Debug|Any CPU
		{C16D955C-482D-4042-B9B2-6C57F84A22F6}.Debug|x86.Build.0 = Debug|Any CPU
		{C16D955C-482D-4042-B9B2-6C57F84A22F6}.Release|Any CPU.ActiveCfg = Release|Any CPU
		{C16D955C-482D-4042-B9B2-6C57F84A22F6}.Release|Any CPU.Build.0 = Release|Any CPU
		{C16D955C-482D-4042-B9B2-6C57F84A22F6}.Release|ARM.ActiveCfg = Release|Any CPU
		{C16D955C-482D-4042-B9B2-6C57F84A22F6}.Release|ARM.Build.0 = Release|Any CPU
		{C16D955C-482D-4042-B9B2-6C57F84A22F6}.Release|ARM64.ActiveCfg = Release|Any CPU
		{C16D955C-482D-4042-B9B2-6C57F84A22F6}.Release|ARM64.Build.0 = Release|Any CPU
		{C16D955C-482D-4042-B9B2-6C57F84A22F6}.Release|iPhone.ActiveCfg = Release|Any CPU
		{C16D955C-482D-4042-B9B2-6C57F84A22F6}.Release|iPhone.Build.0 = Release|Any CPU
		{C16D955C-482D-4042-B9B2-6C57F84A22F6}.Release|iPhoneSimulator.ActiveCfg = Release|Any CPU
		{C16D955C-482D-4042-B9B2-6C57F84A22F6}.Release|iPhoneSimulator.Build.0 = Release|Any CPU
		{C16D955C-482D-4042-B9B2-6C57F84A22F6}.Release|x64.ActiveCfg = Release|Any CPU
		{C16D955C-482D-4042-B9B2-6C57F84A22F6}.Release|x64.Build.0 = Release|Any CPU
		{C16D955C-482D-4042-B9B2-6C57F84A22F6}.Release|x86.ActiveCfg = Release|Any CPU
		{C16D955C-482D-4042-B9B2-6C57F84A22F6}.Release|x86.Build.0 = Release|Any CPU
		{BD216EDB-CA1B-4100-A2C0-DF74682C8C3F}.Debug|Any CPU.ActiveCfg = Debug|Any CPU
		{BD216EDB-CA1B-4100-A2C0-DF74682C8C3F}.Debug|Any CPU.Build.0 = Debug|Any CPU
		{BD216EDB-CA1B-4100-A2C0-DF74682C8C3F}.Debug|ARM.ActiveCfg = Debug|Any CPU
		{BD216EDB-CA1B-4100-A2C0-DF74682C8C3F}.Debug|ARM.Build.0 = Debug|Any CPU
		{BD216EDB-CA1B-4100-A2C0-DF74682C8C3F}.Debug|ARM64.ActiveCfg = Debug|Any CPU
		{BD216EDB-CA1B-4100-A2C0-DF74682C8C3F}.Debug|ARM64.Build.0 = Debug|Any CPU
		{BD216EDB-CA1B-4100-A2C0-DF74682C8C3F}.Debug|iPhone.ActiveCfg = Debug|Any CPU
		{BD216EDB-CA1B-4100-A2C0-DF74682C8C3F}.Debug|iPhone.Build.0 = Debug|Any CPU
		{BD216EDB-CA1B-4100-A2C0-DF74682C8C3F}.Debug|iPhoneSimulator.ActiveCfg = Debug|Any CPU
		{BD216EDB-CA1B-4100-A2C0-DF74682C8C3F}.Debug|iPhoneSimulator.Build.0 = Debug|Any CPU
		{BD216EDB-CA1B-4100-A2C0-DF74682C8C3F}.Debug|x64.ActiveCfg = Debug|Any CPU
		{BD216EDB-CA1B-4100-A2C0-DF74682C8C3F}.Debug|x64.Build.0 = Debug|Any CPU
		{BD216EDB-CA1B-4100-A2C0-DF74682C8C3F}.Debug|x86.ActiveCfg = Debug|Any CPU
		{BD216EDB-CA1B-4100-A2C0-DF74682C8C3F}.Debug|x86.Build.0 = Debug|Any CPU
		{BD216EDB-CA1B-4100-A2C0-DF74682C8C3F}.Release|Any CPU.ActiveCfg = Release|Any CPU
		{BD216EDB-CA1B-4100-A2C0-DF74682C8C3F}.Release|Any CPU.Build.0 = Release|Any CPU
		{BD216EDB-CA1B-4100-A2C0-DF74682C8C3F}.Release|ARM.ActiveCfg = Release|Any CPU
		{BD216EDB-CA1B-4100-A2C0-DF74682C8C3F}.Release|ARM.Build.0 = Release|Any CPU
		{BD216EDB-CA1B-4100-A2C0-DF74682C8C3F}.Release|ARM64.ActiveCfg = Release|Any CPU
		{BD216EDB-CA1B-4100-A2C0-DF74682C8C3F}.Release|ARM64.Build.0 = Release|Any CPU
		{BD216EDB-CA1B-4100-A2C0-DF74682C8C3F}.Release|iPhone.ActiveCfg = Release|Any CPU
		{BD216EDB-CA1B-4100-A2C0-DF74682C8C3F}.Release|iPhone.Build.0 = Release|Any CPU
		{BD216EDB-CA1B-4100-A2C0-DF74682C8C3F}.Release|iPhoneSimulator.ActiveCfg = Release|Any CPU
		{BD216EDB-CA1B-4100-A2C0-DF74682C8C3F}.Release|iPhoneSimulator.Build.0 = Release|Any CPU
		{BD216EDB-CA1B-4100-A2C0-DF74682C8C3F}.Release|x64.ActiveCfg = Release|Any CPU
		{BD216EDB-CA1B-4100-A2C0-DF74682C8C3F}.Release|x64.Build.0 = Release|Any CPU
		{BD216EDB-CA1B-4100-A2C0-DF74682C8C3F}.Release|x86.ActiveCfg = Release|Any CPU
		{BD216EDB-CA1B-4100-A2C0-DF74682C8C3F}.Release|x86.Build.0 = Release|Any CPU
		{52E3D844-D375-4259-85B6-8414B9E72799}.Debug|Any CPU.ActiveCfg = Debug|Any CPU
		{52E3D844-D375-4259-85B6-8414B9E72799}.Debug|Any CPU.Build.0 = Debug|Any CPU
		{52E3D844-D375-4259-85B6-8414B9E72799}.Debug|ARM.ActiveCfg = Debug|Any CPU
		{52E3D844-D375-4259-85B6-8414B9E72799}.Debug|ARM.Build.0 = Debug|Any CPU
		{52E3D844-D375-4259-85B6-8414B9E72799}.Debug|ARM64.ActiveCfg = Debug|Any CPU
		{52E3D844-D375-4259-85B6-8414B9E72799}.Debug|ARM64.Build.0 = Debug|Any CPU
		{52E3D844-D375-4259-85B6-8414B9E72799}.Debug|iPhone.ActiveCfg = Debug|Any CPU
		{52E3D844-D375-4259-85B6-8414B9E72799}.Debug|iPhone.Build.0 = Debug|Any CPU
		{52E3D844-D375-4259-85B6-8414B9E72799}.Debug|iPhoneSimulator.ActiveCfg = Debug|Any CPU
		{52E3D844-D375-4259-85B6-8414B9E72799}.Debug|iPhoneSimulator.Build.0 = Debug|Any CPU
		{52E3D844-D375-4259-85B6-8414B9E72799}.Debug|x64.ActiveCfg = Debug|Any CPU
		{52E3D844-D375-4259-85B6-8414B9E72799}.Debug|x64.Build.0 = Debug|Any CPU
		{52E3D844-D375-4259-85B6-8414B9E72799}.Debug|x86.ActiveCfg = Debug|Any CPU
		{52E3D844-D375-4259-85B6-8414B9E72799}.Debug|x86.Build.0 = Debug|Any CPU
		{52E3D844-D375-4259-85B6-8414B9E72799}.Release|Any CPU.ActiveCfg = Release|Any CPU
		{52E3D844-D375-4259-85B6-8414B9E72799}.Release|Any CPU.Build.0 = Release|Any CPU
		{52E3D844-D375-4259-85B6-8414B9E72799}.Release|ARM.ActiveCfg = Release|Any CPU
		{52E3D844-D375-4259-85B6-8414B9E72799}.Release|ARM.Build.0 = Release|Any CPU
		{52E3D844-D375-4259-85B6-8414B9E72799}.Release|ARM64.ActiveCfg = Release|Any CPU
		{52E3D844-D375-4259-85B6-8414B9E72799}.Release|ARM64.Build.0 = Release|Any CPU
		{52E3D844-D375-4259-85B6-8414B9E72799}.Release|iPhone.ActiveCfg = Release|Any CPU
		{52E3D844-D375-4259-85B6-8414B9E72799}.Release|iPhone.Build.0 = Release|Any CPU
		{52E3D844-D375-4259-85B6-8414B9E72799}.Release|iPhoneSimulator.ActiveCfg = Release|Any CPU
		{52E3D844-D375-4259-85B6-8414B9E72799}.Release|iPhoneSimulator.Build.0 = Release|Any CPU
		{52E3D844-D375-4259-85B6-8414B9E72799}.Release|x64.ActiveCfg = Release|Any CPU
		{52E3D844-D375-4259-85B6-8414B9E72799}.Release|x64.Build.0 = Release|Any CPU
		{52E3D844-D375-4259-85B6-8414B9E72799}.Release|x86.ActiveCfg = Release|Any CPU
		{52E3D844-D375-4259-85B6-8414B9E72799}.Release|x86.Build.0 = Release|Any CPU
		{87F7BE5E-12CA-4AD9-A915-2A2AA9985566}.Debug|Any CPU.ActiveCfg = Debug|Any CPU
		{87F7BE5E-12CA-4AD9-A915-2A2AA9985566}.Debug|Any CPU.Build.0 = Debug|Any CPU
		{87F7BE5E-12CA-4AD9-A915-2A2AA9985566}.Debug|ARM.ActiveCfg = Debug|Any CPU
		{87F7BE5E-12CA-4AD9-A915-2A2AA9985566}.Debug|ARM.Build.0 = Debug|Any CPU
		{87F7BE5E-12CA-4AD9-A915-2A2AA9985566}.Debug|ARM64.ActiveCfg = Debug|Any CPU
		{87F7BE5E-12CA-4AD9-A915-2A2AA9985566}.Debug|ARM64.Build.0 = Debug|Any CPU
		{87F7BE5E-12CA-4AD9-A915-2A2AA9985566}.Debug|iPhone.ActiveCfg = Debug|Any CPU
		{87F7BE5E-12CA-4AD9-A915-2A2AA9985566}.Debug|iPhone.Build.0 = Debug|Any CPU
		{87F7BE5E-12CA-4AD9-A915-2A2AA9985566}.Debug|iPhoneSimulator.ActiveCfg = Debug|Any CPU
		{87F7BE5E-12CA-4AD9-A915-2A2AA9985566}.Debug|iPhoneSimulator.Build.0 = Debug|Any CPU
		{87F7BE5E-12CA-4AD9-A915-2A2AA9985566}.Debug|x64.ActiveCfg = Debug|Any CPU
		{87F7BE5E-12CA-4AD9-A915-2A2AA9985566}.Debug|x64.Build.0 = Debug|Any CPU
		{87F7BE5E-12CA-4AD9-A915-2A2AA9985566}.Debug|x86.ActiveCfg = Debug|Any CPU
		{87F7BE5E-12CA-4AD9-A915-2A2AA9985566}.Debug|x86.Build.0 = Debug|Any CPU
		{87F7BE5E-12CA-4AD9-A915-2A2AA9985566}.Release|Any CPU.ActiveCfg = Release|Any CPU
		{87F7BE5E-12CA-4AD9-A915-2A2AA9985566}.Release|Any CPU.Build.0 = Release|Any CPU
		{87F7BE5E-12CA-4AD9-A915-2A2AA9985566}.Release|ARM.ActiveCfg = Release|Any CPU
		{87F7BE5E-12CA-4AD9-A915-2A2AA9985566}.Release|ARM.Build.0 = Release|Any CPU
		{87F7BE5E-12CA-4AD9-A915-2A2AA9985566}.Release|ARM64.ActiveCfg = Release|Any CPU
		{87F7BE5E-12CA-4AD9-A915-2A2AA9985566}.Release|ARM64.Build.0 = Release|Any CPU
		{87F7BE5E-12CA-4AD9-A915-2A2AA9985566}.Release|iPhone.ActiveCfg = Release|Any CPU
		{87F7BE5E-12CA-4AD9-A915-2A2AA9985566}.Release|iPhone.Build.0 = Release|Any CPU
		{87F7BE5E-12CA-4AD9-A915-2A2AA9985566}.Release|iPhoneSimulator.ActiveCfg = Release|Any CPU
		{87F7BE5E-12CA-4AD9-A915-2A2AA9985566}.Release|iPhoneSimulator.Build.0 = Release|Any CPU
		{87F7BE5E-12CA-4AD9-A915-2A2AA9985566}.Release|x64.ActiveCfg = Release|Any CPU
		{87F7BE5E-12CA-4AD9-A915-2A2AA9985566}.Release|x64.Build.0 = Release|Any CPU
		{87F7BE5E-12CA-4AD9-A915-2A2AA9985566}.Release|x86.ActiveCfg = Release|Any CPU
		{87F7BE5E-12CA-4AD9-A915-2A2AA9985566}.Release|x86.Build.0 = Release|Any CPU
		{8D28623A-4089-46EB-9E31-E64D796FD40B}.Debug|Any CPU.ActiveCfg = Debug|x86
		{8D28623A-4089-46EB-9E31-E64D796FD40B}.Debug|ARM.ActiveCfg = Debug|ARM
		{8D28623A-4089-46EB-9E31-E64D796FD40B}.Debug|ARM.Build.0 = Debug|ARM
		{8D28623A-4089-46EB-9E31-E64D796FD40B}.Debug|ARM.Deploy.0 = Debug|ARM
		{8D28623A-4089-46EB-9E31-E64D796FD40B}.Debug|ARM64.ActiveCfg = Debug|ARM64
		{8D28623A-4089-46EB-9E31-E64D796FD40B}.Debug|ARM64.Build.0 = Debug|ARM64
		{8D28623A-4089-46EB-9E31-E64D796FD40B}.Debug|ARM64.Deploy.0 = Debug|ARM64
		{8D28623A-4089-46EB-9E31-E64D796FD40B}.Debug|iPhone.ActiveCfg = Debug|x86
		{8D28623A-4089-46EB-9E31-E64D796FD40B}.Debug|iPhoneSimulator.ActiveCfg = Debug|x86
		{8D28623A-4089-46EB-9E31-E64D796FD40B}.Debug|x64.ActiveCfg = Debug|x64
		{8D28623A-4089-46EB-9E31-E64D796FD40B}.Debug|x64.Build.0 = Debug|x64
		{8D28623A-4089-46EB-9E31-E64D796FD40B}.Debug|x64.Deploy.0 = Debug|x64
		{8D28623A-4089-46EB-9E31-E64D796FD40B}.Debug|x86.ActiveCfg = Debug|x86
		{8D28623A-4089-46EB-9E31-E64D796FD40B}.Debug|x86.Build.0 = Debug|x86
		{8D28623A-4089-46EB-9E31-E64D796FD40B}.Debug|x86.Deploy.0 = Debug|x86
		{8D28623A-4089-46EB-9E31-E64D796FD40B}.Release|Any CPU.ActiveCfg = Release|x86
		{8D28623A-4089-46EB-9E31-E64D796FD40B}.Release|ARM.ActiveCfg = Release|ARM
		{8D28623A-4089-46EB-9E31-E64D796FD40B}.Release|ARM.Build.0 = Release|ARM
		{8D28623A-4089-46EB-9E31-E64D796FD40B}.Release|ARM.Deploy.0 = Release|ARM
		{8D28623A-4089-46EB-9E31-E64D796FD40B}.Release|ARM64.ActiveCfg = Release|ARM64
		{8D28623A-4089-46EB-9E31-E64D796FD40B}.Release|ARM64.Build.0 = Release|ARM64
		{8D28623A-4089-46EB-9E31-E64D796FD40B}.Release|ARM64.Deploy.0 = Release|ARM64
		{8D28623A-4089-46EB-9E31-E64D796FD40B}.Release|iPhone.ActiveCfg = Release|x86
		{8D28623A-4089-46EB-9E31-E64D796FD40B}.Release|iPhoneSimulator.ActiveCfg = Release|x86
		{8D28623A-4089-46EB-9E31-E64D796FD40B}.Release|x64.ActiveCfg = Release|x64
		{8D28623A-4089-46EB-9E31-E64D796FD40B}.Release|x64.Build.0 = Release|x64
		{8D28623A-4089-46EB-9E31-E64D796FD40B}.Release|x64.Deploy.0 = Release|x64
		{8D28623A-4089-46EB-9E31-E64D796FD40B}.Release|x86.ActiveCfg = Release|x86
		{8D28623A-4089-46EB-9E31-E64D796FD40B}.Release|x86.Build.0 = Release|x86
		{8D28623A-4089-46EB-9E31-E64D796FD40B}.Release|x86.Deploy.0 = Release|x86
	EndGlobalSection
	GlobalSection(SolutionProperties) = preSolution
		HideSolutionNode = FALSE
	EndGlobalSection
	GlobalSection(ExtensibilityGlobals) = postSolution
		SolutionGuid = {7309D84E-4F8D-48E3-B39B-B13AE38EC5EC}
	EndGlobalSection
EndGlobal
